
Microsoft Visual Studio Solution File, Format Version 12.00
# Visual Studio 15
VisualStudioVersion = 15.0.28307.271
MinimumVisualStudioVersion = 10.0.40219.1
Project("{FAE04EC0-301F-11D3-BF4B-00C04F79EFBC}") = "WindowsFormsGitTest", "WindowsFormsGitTest\WindowsFormsGitTest.csproj", "{0BD4FEAE-8334-4F5A-96C8-58C69CA7035B}"
EndProject
Global
	GlobalSection(SolutionConfigurationPlatforms) = preSolution
		Debug|Any CPU = Debug|Any CPU
		Release|Any CPU = Release|Any CPU
	EndGlobalSection
	GlobalSection(ProjectConfigurationPlatforms) = postSolution
		{0BD4FEAE-8334-4F5A-96C8-58C69CA7035B}.Debug|Any CPU.ActiveCfg = Debug|Any CPU
		{0BD4FEAE-8334-4F5A-96C8-58C69CA7035B}.Debug|Any CPU.Build.0 = Debug|Any CPU
		{0BD4FEAE-8334-4F5A-96C8-58C69CA7035B}.Release|Any CPU.ActiveCfg = Release|Any CPU
		{0BD4FEAE-8334-4F5A-96C8-58C69CA7035B}.Release|Any CPU.Build.0 = Release|Any CPU
	EndGlobalSection
	GlobalSection(SolutionProperties) = preSolution
		HideSolutionNode = FALSE
	EndGlobalSection
	GlobalSection(ExtensibilityGlobals) = postSolution
		SolutionGuid = {5C224058-29A3-41B7-B9EA-A41D507B9E92}
	EndGlobalSection
EndGlobal
